{
  "nodes": {
    "darwin": {
      "inputs": {
        "nixpkgs": [
          "nixpkgs"
        ]
      },
      "locked": {
        "lastModified": 1762912391,
        "narHash": "sha256-4hpBE7bGd24SfD28rzMdUGXsLsNEYxCCrTipFdoqoNM=",
        "owner": "nix-darwin",
        "repo": "nix-darwin",
        "rev": "d76299b2cd01837c4c271a7b5186e3d5d8ebd126",
        "type": "github"
      },
      "original": {
        "owner": "nix-darwin",
        "ref": "nix-darwin-25.05",
        "repo": "nix-darwin",
        "type": "github"
      }
    },
    "fish-hydro": {
      "flake": false,
      "locked": {
        "lastModified": 1733360918,
        "narHash": "sha256-QYq4sU41/iKvDUczWLYRGqDQpVASF/+6brJJ8IxypjE=",
        "owner": "jorgebucaran",
        "repo": "hydro",
        "rev": "75ab7168a35358b3d08eeefad4ff0dd306bd80d4",
        "type": "github"
      },
      "original": {
        "owner": "jorgebucaran",
        "repo": "hydro",
        "rev": "75ab7168a35358b3d08eeefad4ff0dd306bd80d4",
        "type": "github"
      }
    },
    "home-manager": {
      "inputs": {
        "nixpkgs": [
          "nixpkgs"
        ]
      },
      "locked": {
        "lastModified": 1763416652,
        "narHash": "sha256-8EBEEvtzQ11LCxpQHMNEBQAGtQiCu/pqP9zSovDSbNM=",
        "owner": "nix-community",
        "repo": "home-manager",
        "rev": "ea164b7c9ccdc2321379c2ff78fd4317b4c41312",
        "type": "github"
      },
      "original": {
        "owner": "nix-community",
        "repo": "home-manager",
        "type": "github"
      }
    },
    "nixpkgs": {
      "locked": {
        "lastModified": 1763334038,
        "narHash": "sha256-LBVOyaH6NFzQ3X/c6vfMZ9k4SV2ofhpxeL9YnhHNJQQ=",
        "owner": "nixos",
        "repo": "nixpkgs",
        "rev": "4c8cdd5b1a630e8f72c9dd9bf582b1afb3127d2c",
        "type": "github"
      },
      "original": {
        "owner": "nixos",
        "ref": "nixos-25.05",
        "repo": "nixpkgs",
        "type": "github"
      }
    },
    "nixpkgs-unstable": {
      "locked": {
        "lastModified": 1763375004,
        "narHash": "sha256-e81Xfa7xhRZfqGB4s3xEvrg4p1v+fToM6CIQlXUyaX0=",
        "owner": "nixos",
        "repo": "nixpkgs",
        "rev": "8b6600824693a9c706ef09bd86711ca393703466",
        "type": "github"
      },
      "original": {
        "owner": "nixos",
        "ref": "nixpkgs-unstable",
        "repo": "nixpkgs",
        "type": "github"
      }
    },
    "root": {
      "inputs": {
        "darwin": "darwin",
        "fish-hydro": "fish-hydro",
        "home-manager": "home-manager",
        "nixpkgs": "nixpkgs",
        "nixpkgs-unstable": "nixpkgs-unstable"
      }
    }
  },
  "root": "root",
  "version": 7
}
