{
  "nodes": {
    "darwin": {
      "inputs": {
        "nixpkgs": [
          "nixpkgs"
        ]
      },
      "locked": {
        "lastModified": 1759509947,
        "narHash": "sha256-4XifSIHfpJKcCf5bZZRhj8C4aCpjNBaE3kXr02s4rHU=",
        "owner": "nix-darwin",
        "repo": "nix-darwin",
        "rev": "000eadb231812ad6ea6aebd7526974aaf4e79355",
        "type": "github"
      },
      "original": {
        "owner": "nix-darwin",
        "ref": "nix-darwin-25.05",
        "repo": "nix-darwin",
        "type": "github"
      }
    },
    "fish-hydro": {
      "flake": false,
      "locked": {
        "lastModified": 1733360918,
        "narHash": "sha256-QYq4sU41/iKvDUczWLYRGqDQpVASF/+6brJJ8IxypjE=",
        "owner": "jorgebucaran",
        "repo": "hydro",
        "rev": "75ab7168a35358b3d08eeefad4ff0dd306bd80d4",
        "type": "github"
      },
      "original": {
        "owner": "jorgebucaran",
        "repo": "hydro",
        "rev": "75ab7168a35358b3d08eeefad4ff0dd306bd80d4",
        "type": "github"
      }
    },
    "home-manager": {
      "inputs": {
        "nixpkgs": [
          "nixpkgs"
        ]
      },
      "locked": {
        "lastModified": 1762296971,
        "narHash": "sha256-Jyv3L5rrUYpecON+9zyFz2VqgTSTsIG35fXuCyuCQv0=",
        "owner": "nix-community",
        "repo": "home-manager",
        "rev": "34fe48801d2a5301b814eaa1efb496499d06cebc",
        "type": "github"
      },
      "original": {
        "owner": "nix-community",
        "repo": "home-manager",
        "type": "github"
      }
    },
    "nixpkgs": {
      "locked": {
        "lastModified": 1762233356,
        "narHash": "sha256-cGS3lLTYusbEP/IJIWGgnkzIl+FA5xDvtiHyjalGr4k=",
        "owner": "nixos",
        "repo": "nixpkgs",
        "rev": "ca534a76c4afb2bdc07b681dbc11b453bab21af8",
        "type": "github"
      },
      "original": {
        "owner": "nixos",
        "ref": "nixos-25.05",
        "repo": "nixpkgs",
        "type": "github"
      }
    },
    "nixpkgs-unstable": {
      "locked": {
        "lastModified": 1762286042,
        "narHash": "sha256-OD5HsZ+sN7VvNucbrjiCz7CHF5zf9gP51YVJvPwYIH8=",
        "owner": "nixos",
        "repo": "nixpkgs",
        "rev": "12c1f0253aa9a54fdf8ec8aecaafada64a111e24",
        "type": "github"
      },
      "original": {
        "owner": "nixos",
        "ref": "nixpkgs-unstable",
        "repo": "nixpkgs",
        "type": "github"
      }
    },
    "root": {
      "inputs": {
        "darwin": "darwin",
        "fish-hydro": "fish-hydro",
        "home-manager": "home-manager",
        "nixpkgs": "nixpkgs",
        "nixpkgs-unstable": "nixpkgs-unstable"
      }
    }
  },
  "root": "root",
  "version": 7
}
